<?xml version="1.0" encoding="utf-8"?>
<Project ToolsVersion="4.0" xmlns="http://schemas.microsoft.com/developer/msbuild/2003">
  <ItemGroup>
    <Filter Include="Source Files">
      <UniqueIdentifier>{4FC737F1-C7A5-4376-A066-2A32D752A2FF}</UniqueIdentifier>
      <Extensions>cpp;c;cc;cxx;c++;cppm;ixx;def;odl;idl;hpj;bat;asm;asmx</Extensions>
    </Filter>
    <Filter Include="Header Files">
      <UniqueIdentifier>{93995380-89BD-4b04-88EB-625FBE52EBFB}</UniqueIdentifier>
      <Extensions>h;hh;hpp;hxx;h++;hm;inl;inc;ipp;xsd</Extensions>
    </Filter>
    <Filter Include="Resource Files">
      <UniqueIdentifier>{67DA6AB6-F800-4c08-8B7A-83BB121AAD01}</UniqueIdentifier>
      <Extensions>rc;ico;cur;bmp;dlg;rc2;rct;bin;rgs;gif;jpg;jpeg;jpe;resx;tiff;tif;png;wav;mfcribbon-ms</Extensions>
    </Filter>
  </ItemGroup>
  <ItemGroup>
    <ClCompile Include="..\..\..\..\..\Gourav\FYp\harness_corejson_parse.cpp">
      <Filter>Source Files</Filter>
    </ClCompile>
    <ClCompile Include="..\..\..\..\..\Gourav\FYp\core_json.c">
      <Filter>Source Files</Filter>
    </ClCompile>
    <ClCompile Include="json_writer.cpp">
      <Filter>Source Files</Filter>
    </ClCompile>
    <ClCompile Include="..\..\..\..\..\Gourav\FYp\json.pb.cc">
      <Filter>Resource Files</Filter>
    </ClCompile>
    <ClCompile Include="core_json.pb.cc">
      <Filter>Resource Files</Filter>
    </ClCompile>
    <ClCompile Include="field_mask.pb.cc">
      <Filter>Resource Files</Filter>
    </ClCompile>
  </ItemGroup>
  <ItemGroup>
    <ClInclude Include="..\..\..\..\..\Gourav\FYp\catch_assert.h">
      <Filter>Header Files</Filter>
    </ClInclude>
    <ClInclude Include="..\..\..\..\..\Gourav\FYp\core_json.h">
      <Filter>Header Files</Filter>
    </ClInclude>
    <ClInclude Include="..\..\..\..\..\Gourav\FYp\skip_assert.h">
      <Filter>Header Files</Filter>
    </ClInclude>
    <ClInclude Include="json_writer.h">
      <Filter>Header Files</Filter>
    </ClInclude>
    <ClInclude Include="core_json_writer.h">
      <Filter>Header Files</Filter>
    </ClInclude>
    <ClInclude Include="..\..\..\..\..\Gourav\FYp\json.pb.h">
      <Filter>Header Files</Filter>
    </ClInclude>
    <ClInclude Include="field_mask.pb.h">
      <Filter>Header Files</Filter>
    </ClInclude>
    <ClInclude Include="core_json.pb.h">
      <Filter>Header Files</Filter>
    </ClInclude>
  </ItemGroup>
  <ItemGroup>
    <None Include="core_json.proto">
      <Filter>Resource Files</Filter>
    </None>
    <None Include="json.proto">
      <Filter>Resource Files</Filter>
    </None>
    <None Include="field_mask.proto">
      <Filter>Resource Files</Filter>
    </None>
  </ItemGroup>
</Project>